
Microsoft Visual Studio Solution File, Format Version 12.00
# Visual Studio Version 17
VisualStudioVersion = 17.8.34330.188
MinimumVisualStudioVersion = 10.0.40219.1
Project("{FAE04EC0-301F-11D3-BF4B-00C04F79EFBC}") = "lab4-5", "lab4-5\lab4-5.csproj", "{29925698-1D6B-42E3-8FF4-269CDE7203FC}"
EndProject
Project("{FAE04EC0-301F-11D3-BF4B-00C04F79EFBC}") = "ClassLibrary3", "ClassLibrary3\ClassLibrary3.csproj", "{A7D3F042-1ED3-4A1E-A48B-0864E3CB7087}"
EndProject
Global
	GlobalSection(SolutionConfigurationPlatforms) = preSolution
		Debug|Any CPU = Debug|Any CPU
		Release|Any CPU = Release|Any CPU
	EndGlobalSection
	GlobalSection(ProjectConfigurationPlatforms) = postSolution
		{29925698-1D6B-42E3-8FF4-269CDE7203FC}.Debug|Any CPU.ActiveCfg = Debug|Any CPU
		{29925698-1D6B-42E3-8FF4-269CDE7203FC}.Debug|Any CPU.Build.0 = Debug|Any CPU
		{29925698-1D6B-42E3-8FF4-269CDE7203FC}.Release|Any CPU.ActiveCfg = Release|Any CPU
		{29925698-1D6B-42E3-8FF4-269CDE7203FC}.Release|Any CPU.Build.0 = Release|Any CPU
		{A7D3F042-1ED3-4A1E-A48B-0864E3CB7087}.Debug|Any CPU.ActiveCfg = Debug|Any CPU
		{A7D3F042-1ED3-4A1E-A48B-0864E3CB7087}.Debug|Any CPU.Build.0 = Debug|Any CPU
		{A7D3F042-1ED3-4A1E-A48B-0864E3CB7087}.Release|Any CPU.ActiveCfg = Release|Any CPU
		{A7D3F042-1ED3-4A1E-A48B-0864E3CB7087}.Release|Any CPU.Build.0 = Release|Any CPU
	EndGlobalSection
	GlobalSection(SolutionProperties) = preSolution
		HideSolutionNode = FALSE
	EndGlobalSection
	GlobalSection(ExtensibilityGlobals) = postSolution
		SolutionGuid = {CE2A443D-30C4-4340-A9FC-4AEC5C5F279F}
	EndGlobalSection
EndGlobal
