
Microsoft Visual Studio Solution File, Format Version 12.00
# Visual Studio Version 17
VisualStudioVersion = 17.8.34330.188
MinimumVisualStudioVersion = 10.0.40219.1
Project("{FAE04EC0-301F-11D3-BF4B-00C04F79EFBC}") = "lab13", "lab13\lab13.csproj", "{DA8FDCBC-72FA-4965-8AB3-F55B35821827}"
EndProject
Global
	GlobalSection(SolutionConfigurationPlatforms) = preSolution
		Debug|Any CPU = Debug|Any CPU
		Release|Any CPU = Release|Any CPU
	EndGlobalSection
	GlobalSection(ProjectConfigurationPlatforms) = postSolution
		{DA8FDCBC-72FA-4965-8AB3-F55B35821827}.Debug|Any CPU.ActiveCfg = Debug|Any CPU
		{DA8FDCBC-72FA-4965-8AB3-F55B35821827}.Debug|Any CPU.Build.0 = Debug|Any CPU
		{DA8FDCBC-72FA-4965-8AB3-F55B35821827}.Release|Any CPU.ActiveCfg = Release|Any CPU
		{DA8FDCBC-72FA-4965-8AB3-F55B35821827}.Release|Any CPU.Build.0 = Release|Any CPU
	EndGlobalSection
	GlobalSection(SolutionProperties) = preSolution
		HideSolutionNode = FALSE
	EndGlobalSection
	GlobalSection(ExtensibilityGlobals) = postSolution
		SolutionGuid = {A32CDFDA-DAE2-441B-BD2C-C0F7E0356BB7}
	EndGlobalSection
EndGlobal
